
Microsoft Visual Studio Solution File, Format Version 12.00
# Visual Studio Version 17
VisualStudioVersion = 17.0.32126.317
MinimumVisualStudioVersion = 10.0.40219.1
Project("{FAE04EC0-301F-11D3-BF4B-00C04F79EFBC}") = "Currency Converter", "Currency Converter\Currency Converter.csproj", "{B41CE152-D511-417C-9E53-8D43B8D1A7FF}"
EndProject
Global
	GlobalSection(SolutionConfigurationPlatforms) = preSolution
		Debug|Any CPU = Debug|Any CPU
		Release|Any CPU = Release|Any CPU
	EndGlobalSection
	GlobalSection(ProjectConfigurationPlatforms) = postSolution
		{B41CE152-D511-417C-9E53-8D43B8D1A7FF}.Debug|Any CPU.ActiveCfg = Debug|Any CPU
		{B41CE152-D511-417C-9E53-8D43B8D1A7FF}.Debug|Any CPU.Build.0 = Debug|Any CPU
		{B41CE152-D511-417C-9E53-8D43B8D1A7FF}.Release|Any CPU.ActiveCfg = Release|Any CPU
		{B41CE152-D511-417C-9E53-8D43B8D1A7FF}.Release|Any CPU.Build.0 = Release|Any CPU
	EndGlobalSection
	GlobalSection(SolutionProperties) = preSolution
		HideSolutionNode = FALSE
	EndGlobalSection
	GlobalSection(ExtensibilityGlobals) = postSolution
		SolutionGuid = {E9622063-876F-4536-8119-2E2220374D86}
	EndGlobalSection
EndGlobal
